
Microsoft Visual Studio Solution File, Format Version 12.00
# Visual Studio Version 17
VisualStudioVersion = 17.8.34309.116
MinimumVisualStudioVersion = 10.0.40219.1
Project("{FAE04EC0-301F-11D3-BF4B-00C04F79EFBC}") = "TwoNumbersCalculator", "TwoNumbersCalculator.csproj", "{AD0FC45E-A0EF-4D7B-949C-8C5D5BF82F75}"
EndProject
Global
	GlobalSection(SolutionConfigurationPlatforms) = preSolution
		Debug|Any CPU = Debug|Any CPU
		Release|Any CPU = Release|Any CPU
	EndGlobalSection
	GlobalSection(ProjectConfigurationPlatforms) = postSolution
		{AD0FC45E-A0EF-4D7B-949C-8C5D5BF82F75}.Debug|Any CPU.ActiveCfg = Debug|Any CPU
		{AD0FC45E-A0EF-4D7B-949C-8C5D5BF82F75}.Debug|Any CPU.Build.0 = Debug|Any CPU
		{AD0FC45E-A0EF-4D7B-949C-8C5D5BF82F75}.Release|Any CPU.ActiveCfg = Release|Any CPU
		{AD0FC45E-A0EF-4D7B-949C-8C5D5BF82F75}.Release|Any CPU.Build.0 = Release|Any CPU
	EndGlobalSection
	GlobalSection(SolutionProperties) = preSolution
		HideSolutionNode = FALSE
	EndGlobalSection
	GlobalSection(ExtensibilityGlobals) = postSolution
		SolutionGuid = {AA69C893-AC2A-4A3E-B75A-6B84E687BA6C}
	EndGlobalSection
EndGlobal
